
Microsoft Visual Studio Solution File, Format Version 12.00
# Visual Studio Version 17
VisualStudioVersion = 17.5.002.0
MinimumVisualStudioVersion = 10.0.40219.1
Project("{9A19103F-16F7-4668-BE54-9A1E7A4F7556}") = "DesafioProjetoHospedagem", "DesafioProjetoHospedagem.csproj", "{633B38AD-580A-48F5-8484-D87F1B24E538}"
EndProject
Global
	GlobalSection(SolutionConfigurationPlatforms) = preSolution
		Debug|Any CPU = Debug|Any CPU
		Release|Any CPU = Release|Any CPU
	EndGlobalSection
	GlobalSection(ProjectConfigurationPlatforms) = postSolution
		{633B38AD-580A-48F5-8484-D87F1B24E538}.Debug|Any CPU.ActiveCfg = Debug|Any CPU
		{633B38AD-580A-48F5-8484-D87F1B24E538}.Debug|Any CPU.Build.0 = Debug|Any CPU
		{633B38AD-580A-48F5-8484-D87F1B24E538}.Release|Any CPU.ActiveCfg = Release|Any CPU
		{633B38AD-580A-48F5-8484-D87F1B24E538}.Release|Any CPU.Build.0 = Release|Any CPU
	EndGlobalSection
	GlobalSection(SolutionProperties) = preSolution
		HideSolutionNode = FALSE
	EndGlobalSection
	GlobalSection(ExtensibilityGlobals) = postSolution
		SolutionGuid = {CC0B9E03-88B4-4B49-8D51-36953E016A51}
	EndGlobalSection
EndGlobal
